
Microsoft Visual Studio Solution File, Format Version 12.00
# Visual Studio Version 17
VisualStudioVersion = 17.9.34728.123
MinimumVisualStudioVersion = 10.0.40219.1
Project("{9A19103F-16F7-4668-BE54-9A1E7A4F7556}") = "moreAPI", "moreAPI.csproj", "{C5B7B6AB-D848-47E1-BAC7-5893C02EC078}"
EndProject
Global
	GlobalSection(SolutionConfigurationPlatforms) = preSolution
		Debug|Any CPU = Debug|Any CPU
		Release|Any CPU = Release|Any CPU
	EndGlobalSection
	GlobalSection(ProjectConfigurationPlatforms) = postSolution
		{C5B7B6AB-D848-47E1-BAC7-5893C02EC078}.Debug|Any CPU.ActiveCfg = Debug|Any CPU
		{C5B7B6AB-D848-47E1-BAC7-5893C02EC078}.Debug|Any CPU.Build.0 = Debug|Any CPU
		{C5B7B6AB-D848-47E1-BAC7-5893C02EC078}.Release|Any CPU.ActiveCfg = Release|Any CPU
		{C5B7B6AB-D848-47E1-BAC7-5893C02EC078}.Release|Any CPU.Build.0 = Release|Any CPU
	EndGlobalSection
	GlobalSection(SolutionProperties) = preSolution
		HideSolutionNode = FALSE
	EndGlobalSection
	GlobalSection(ExtensibilityGlobals) = postSolution
		SolutionGuid = {6B2B2A35-573C-41B7-A8F9-83A354F7D647}
	EndGlobalSection
EndGlobal
